
Microsoft Visual Studio Solution File, Format Version 12.00
# Visual Studio Version 16
VisualStudioVersion = 16.0.29613.14
MinimumVisualStudioVersion = 10.0.40219.1
Project("{FAE04EC0-301F-11D3-BF4B-00C04F79EFBC}") = "Ajax", "Ajax\Ajax.csproj", "{C62CB19C-7EC7-467F-A5AB-95F43F6F35C8}"
EndProject
Global
	GlobalSection(SolutionConfigurationPlatforms) = preSolution
		Debug|Any CPU = Debug|Any CPU
		Release|Any CPU = Release|Any CPU
	EndGlobalSection
	GlobalSection(ProjectConfigurationPlatforms) = postSolution
		{C62CB19C-7EC7-467F-A5AB-95F43F6F35C8}.Debug|Any CPU.ActiveCfg = Debug|Any CPU
		{C62CB19C-7EC7-467F-A5AB-95F43F6F35C8}.Debug|Any CPU.Build.0 = Debug|Any CPU
		{C62CB19C-7EC7-467F-A5AB-95F43F6F35C8}.Release|Any CPU.ActiveCfg = Release|Any CPU
		{C62CB19C-7EC7-467F-A5AB-95F43F6F35C8}.Release|Any CPU.Build.0 = Release|Any CPU
	EndGlobalSection
	GlobalSection(SolutionProperties) = preSolution
		HideSolutionNode = FALSE
	EndGlobalSection
	GlobalSection(ExtensibilityGlobals) = postSolution
		SolutionGuid = {FACC0E12-DBEC-4358-8238-B8DCF1B1A55B}
	EndGlobalSection
EndGlobal
